
Microsoft Visual Studio Solution File, Format Version 12.00
# Visual Studio Version 17
VisualStudioVersion = 17.3.32611.2
MinimumVisualStudioVersion = 10.0.40219.1
Project("{9A19103F-16F7-4668-BE54-9A1E7A4F7556}") = "w4TR1x.InServerAuthentication", "w4TR1x.InServerAuthentication\w4TR1x.InServerAuthentication.csproj", "{C287D9E8-E543-4762-8114-DB8221BC1640}"
EndProject
Project("{9A19103F-16F7-4668-BE54-9A1E7A4F7556}") = "SampleApp", "SampleApp\SampleApp.csproj", "{A7D56481-6703-4F1E-A7BF-E6A4246CBE95}"
EndProject
Global
	GlobalSection(SolutionConfigurationPlatforms) = preSolution
		Debug|Any CPU = Debug|Any CPU
		Release|Any CPU = Release|Any CPU
	EndGlobalSection
	GlobalSection(ProjectConfigurationPlatforms) = postSolution
		{C287D9E8-E543-4762-8114-DB8221BC1640}.Debug|Any CPU.ActiveCfg = Debug|Any CPU
		{C287D9E8-E543-4762-8114-DB8221BC1640}.Debug|Any CPU.Build.0 = Debug|Any CPU
		{C287D9E8-E543-4762-8114-DB8221BC1640}.Release|Any CPU.ActiveCfg = Release|Any CPU
		{C287D9E8-E543-4762-8114-DB8221BC1640}.Release|Any CPU.Build.0 = Release|Any CPU
		{A7D56481-6703-4F1E-A7BF-E6A4246CBE95}.Debug|Any CPU.ActiveCfg = Debug|Any CPU
		{A7D56481-6703-4F1E-A7BF-E6A4246CBE95}.Debug|Any CPU.Build.0 = Debug|Any CPU
		{A7D56481-6703-4F1E-A7BF-E6A4246CBE95}.Release|Any CPU.ActiveCfg = Release|Any CPU
		{A7D56481-6703-4F1E-A7BF-E6A4246CBE95}.Release|Any CPU.Build.0 = Release|Any CPU
	EndGlobalSection
	GlobalSection(SolutionProperties) = preSolution
		HideSolutionNode = FALSE
	EndGlobalSection
	GlobalSection(ExtensibilityGlobals) = postSolution
		SolutionGuid = {8923D23C-2B8B-4DEE-A095-B496E3973396}
	EndGlobalSection
EndGlobal
